
Microsoft Visual Studio Solution File, Format Version 12.00
# Visual Studio Version 17
VisualStudioVersion = 17.1.32319.34
MinimumVisualStudioVersion = 10.0.40219.1
Project("{FAE04EC0-301F-11D3-BF4B-00C04F79EFBC}") = "Orders_Enuns", "Orders_Enuns.csproj", "{02B66F5D-39D2-4A76-AF0E-D340A4F809A4}"
EndProject
Global
	GlobalSection(SolutionConfigurationPlatforms) = preSolution
		Debug|Any CPU = Debug|Any CPU
		Release|Any CPU = Release|Any CPU
	EndGlobalSection
	GlobalSection(ProjectConfigurationPlatforms) = postSolution
		{02B66F5D-39D2-4A76-AF0E-D340A4F809A4}.Debug|Any CPU.ActiveCfg = Debug|Any CPU
		{02B66F5D-39D2-4A76-AF0E-D340A4F809A4}.Debug|Any CPU.Build.0 = Debug|Any CPU
		{02B66F5D-39D2-4A76-AF0E-D340A4F809A4}.Release|Any CPU.ActiveCfg = Release|Any CPU
		{02B66F5D-39D2-4A76-AF0E-D340A4F809A4}.Release|Any CPU.Build.0 = Release|Any CPU
	EndGlobalSection
	GlobalSection(SolutionProperties) = preSolution
		HideSolutionNode = FALSE
	EndGlobalSection
	GlobalSection(ExtensibilityGlobals) = postSolution
		SolutionGuid = {7CB74F4F-3499-41BF-A2B9-89DB321B34CE}
	EndGlobalSection
EndGlobal
