
Microsoft Visual Studio Solution File, Format Version 12.00
# Visual Studio Version 17
VisualStudioVersion = 17.1.32319.34
MinimumVisualStudioVersion = 10.0.40219.1
Project("{FAE04EC0-301F-11D3-BF4B-00C04F79EFBC}") = "SalarioFuncionarios", "SalarioFuncionarios.csproj", "{1ABD56DA-A316-40D1-AE61-918A819F2E0C}"
EndProject
Global
	GlobalSection(SolutionConfigurationPlatforms) = preSolution
		Debug|Any CPU = Debug|Any CPU
		Release|Any CPU = Release|Any CPU
	EndGlobalSection
	GlobalSection(ProjectConfigurationPlatforms) = postSolution
		{1ABD56DA-A316-40D1-AE61-918A819F2E0C}.Debug|Any CPU.ActiveCfg = Debug|Any CPU
		{1ABD56DA-A316-40D1-AE61-918A819F2E0C}.Debug|Any CPU.Build.0 = Debug|Any CPU
		{1ABD56DA-A316-40D1-AE61-918A819F2E0C}.Release|Any CPU.ActiveCfg = Release|Any CPU
		{1ABD56DA-A316-40D1-AE61-918A819F2E0C}.Release|Any CPU.Build.0 = Release|Any CPU
	EndGlobalSection
	GlobalSection(SolutionProperties) = preSolution
		HideSolutionNode = FALSE
	EndGlobalSection
	GlobalSection(ExtensibilityGlobals) = postSolution
		SolutionGuid = {E6C72D4C-6521-463A-86A9-B8A75336A147}
	EndGlobalSection
EndGlobal
