
Microsoft Visual Studio Solution File, Format Version 12.00
# Visual Studio Version 17
VisualStudioVersion = 17.1.32228.430
MinimumVisualStudioVersion = 10.0.40219.1
Project("{FAE04EC0-301F-11D3-BF4B-00C04F79EFBC}") = "Desafio01", "Desafio01\Desafio01.csproj", "{54421DE0-826E-4F2A-A3FF-72C1CCCD81AB}"
EndProject
Global
	GlobalSection(SolutionConfigurationPlatforms) = preSolution
		Debug|Any CPU = Debug|Any CPU
		Release|Any CPU = Release|Any CPU
	EndGlobalSection
	GlobalSection(ProjectConfigurationPlatforms) = postSolution
		{54421DE0-826E-4F2A-A3FF-72C1CCCD81AB}.Debug|Any CPU.ActiveCfg = Debug|Any CPU
		{54421DE0-826E-4F2A-A3FF-72C1CCCD81AB}.Debug|Any CPU.Build.0 = Debug|Any CPU
		{54421DE0-826E-4F2A-A3FF-72C1CCCD81AB}.Release|Any CPU.ActiveCfg = Release|Any CPU
		{54421DE0-826E-4F2A-A3FF-72C1CCCD81AB}.Release|Any CPU.Build.0 = Release|Any CPU
	EndGlobalSection
	GlobalSection(SolutionProperties) = preSolution
		HideSolutionNode = FALSE
	EndGlobalSection
	GlobalSection(ExtensibilityGlobals) = postSolution
		SolutionGuid = {C143CE76-C09B-4C5A-B803-D520A008BB1A}
	EndGlobalSection
EndGlobal
